
Microsoft Visual Studio Solution File, Format Version 12.00
# Visual Studio 14
VisualStudioVersion = 14.0.25420.1
MinimumVisualStudioVersion = 10.0.40219.1
Project("{2150E333-8FDC-42A3-9474-1A3956D46DE8}") = "Solution Items", "Solution Items", "{C37CC428-307D-46C8-AC3E-94DA4366ED50}"
	ProjectSection(SolutionItems) = preProject
		tomasPopov.xml = tomasPopov.xml
		XMLSchema1.xsd = XMLSchema1.xsd
	EndProjectSection
EndProject
Global
	GlobalSection(SolutionProperties) = preSolution
		HideSolutionNode = FALSE
	EndGlobalSection
EndGlobal
